{
  "nodes": {
    "devshell": {
      "inputs": {
        "nixpkgs": "nixpkgs"
      },
      "locked": {
        "lastModified": 1741473158,
        "narHash": "sha256-kWNaq6wQUbUMlPgw8Y+9/9wP0F8SHkjy24/mN3UAppg=",
        "owner": "numtide",
        "repo": "devshell",
        "rev": "7c9e793ebe66bcba8292989a68c0419b737a22a0",
        "type": "github"
      },
      "original": {
        "owner": "numtide",
        "repo": "devshell",
        "type": "github"
      }
    },
    "fenix": {
      "inputs": {
        "nixpkgs": [
          "laio",
          "nixpkgs"
        ],
        "rust-analyzer-src": "rust-analyzer-src"
      },
      "locked": {
        "lastModified": 1752302273,
        "narHash": "sha256-xXZ0JkrpcpSgeuhezJZV2T+7gHcYCo39ogc55c4FyRw=",
        "owner": "nix-community",
        "repo": "fenix",
        "rev": "910743660778c55917959d64980bf046f52142ef",
        "type": "github"
      },
      "original": {
        "owner": "nix-community",
        "repo": "fenix",
        "type": "github"
      }
    },
    "flake-utils": {
      "inputs": {
        "systems": "systems"
      },
      "locked": {
        "lastModified": 1731533236,
        "narHash": "sha256-l0KFg5HjrsfsO/JpG+r7fRrqm12kzFHyUHqHCVpMMbI=",
        "owner": "numtide",
        "repo": "flake-utils",
        "rev": "11707dc2f618dd54ca8739b309ec4fc024de578b",
        "type": "github"
      },
      "original": {
        "owner": "numtide",
        "repo": "flake-utils",
        "type": "github"
      }
    },
    "flake-utils_2": {
      "inputs": {
        "systems": "systems_2"
      },
      "locked": {
        "lastModified": 1731533236,
        "narHash": "sha256-l0KFg5HjrsfsO/JpG+r7fRrqm12kzFHyUHqHCVpMMbI=",
        "owner": "numtide",
        "repo": "flake-utils",
        "rev": "11707dc2f618dd54ca8739b309ec4fc024de578b",
        "type": "github"
      },
      "original": {
        "owner": "numtide",
        "repo": "flake-utils",
        "type": "github"
      }
    },
    "home-manager": {
      "inputs": {
        "nixpkgs": [
          "nixpkgs"
        ]
      },
      "locked": {
        "lastModified": 1752780124,
        "narHash": "sha256-5dn97vIYxn6VozKePOQSDxVCsrl38nDdMJXx86KIJH0=",
        "owner": "nix-community",
        "repo": "home-manager",
        "rev": "c718918222bdb104397762dea67e6b397a7927fe",
        "type": "github"
      },
      "original": {
        "owner": "nix-community",
        "ref": "release-25.05",
        "repo": "home-manager",
        "type": "github"
      }
    },
    "laio": {
      "inputs": {
        "devshell": "devshell",
        "fenix": "fenix",
        "flake-utils": "flake-utils",
        "nixpkgs": [
          "nixpkgs"
        ]
      },
      "locked": {
        "lastModified": 1752479763,
        "narHash": "sha256-ylkN0EOd+C5OzNRQ3hjtjT3nDj8Mxbz2719/NZEELrs=",
        "owner": "ck3mp3r",
        "repo": "laio-cli",
        "rev": "e71a436f600491aca76e7ca08d282f42dbed8c3c",
        "type": "github"
      },
      "original": {
        "owner": "ck3mp3r",
        "repo": "laio-cli",
        "type": "github"
      }
    },
    "mods": {
      "inputs": {
        "flake-utils": "flake-utils_2",
        "mods-src": "mods-src",
        "nixpkgs": "nixpkgs_2"
      },
      "locked": {
        "dir": "mods",
        "lastModified": 1752631800,
        "narHash": "sha256-JO9t3WIYLtICz5xsvalcLf0gsb3Y/DS/b5xHnyV1ka4=",
        "owner": "ck3mp3r",
        "repo": "flakes",
        "rev": "49b28f51e9f5ba6315b1ac689de0e501069a33d5",
        "type": "github"
      },
      "original": {
        "dir": "mods",
        "owner": "ck3mp3r",
        "repo": "flakes",
        "type": "github"
      }
    },
    "mods-src": {
      "flake": false,
      "locked": {
        "lastModified": 1750075469,
        "narHash": "sha256-dCNVDf05wRvs84eVChMGtRtg5fOWhiz1I/L8F/9Rw/Q=",
        "owner": "charmbracelet",
        "repo": "mods",
        "rev": "de347f6c78361985317b1232816735193a31ba3e",
        "type": "github"
      },
      "original": {
        "owner": "charmbracelet",
        "repo": "mods",
        "type": "github"
      }
    },
    "nix-darwin": {
      "inputs": {
        "nixpkgs": [
          "nixpkgs"
        ]
      },
      "locked": {
        "lastModified": 1749744770,
        "narHash": "sha256-MEM9XXHgBF/Cyv1RES1t6gqAX7/tvayBC1r/KPyK1ls=",
        "owner": "lnl7",
        "repo": "nix-darwin",
        "rev": "536f951efb1ccda9b968e3c9dee39fbeb6d3fdeb",
        "type": "github"
      },
      "original": {
        "owner": "lnl7",
        "ref": "nix-darwin-25.05",
        "repo": "nix-darwin",
        "type": "github"
      }
    },
    "nixpkgs": {
      "locked": {
        "lastModified": 1722073938,
        "narHash": "sha256-OpX0StkL8vpXyWOGUD6G+MA26wAXK6SpT94kLJXo6B4=",
        "owner": "NixOS",
        "repo": "nixpkgs",
        "rev": "e36e9f57337d0ff0cf77aceb58af4c805472bfae",
        "type": "github"
      },
      "original": {
        "owner": "NixOS",
        "ref": "nixpkgs-unstable",
        "repo": "nixpkgs",
        "type": "github"
      }
    },
    "nixpkgs-unstable": {
      "locked": {
        "lastModified": 1752900028,
        "narHash": "sha256-dPALCtmik9Wr14MGqVXm+OQcv7vhPBXcWNIOThGnB/Q=",
        "owner": "nixos",
        "repo": "nixpkgs",
        "rev": "6b4955211758ba47fac850c040a27f23b9b4008f",
        "type": "github"
      },
      "original": {
        "owner": "nixos",
        "ref": "nixpkgs-unstable",
        "repo": "nixpkgs",
        "type": "github"
      }
    },
    "nixpkgs_2": {
      "locked": {
        "lastModified": 1750268545,
        "narHash": "sha256-9CBxih8ERwi4lHM6eUtRnjP4O0/czVPfSYUxdlRERhg=",
        "owner": "nixos",
        "repo": "nixpkgs",
        "rev": "106daa382b3a5625c9698cbff9f13bbee8c62dbe",
        "type": "github"
      },
      "original": {
        "owner": "nixos",
        "repo": "nixpkgs",
        "type": "github"
      }
    },
    "nixpkgs_3": {
      "locked": {
        "lastModified": 1752946745,
        "narHash": "sha256-e6TZD9b7wK1Gl6mMwTDL1qnuhTKs5ziClz30p8M8BOA=",
        "owner": "nixos",
        "repo": "nixpkgs",
        "rev": "da77d74e497e9bfeb03951d76892225084f6509f",
        "type": "github"
      },
      "original": {
        "owner": "nixos",
        "ref": "release-25.05",
        "repo": "nixpkgs",
        "type": "github"
      }
    },
    "root": {
      "inputs": {
        "home-manager": "home-manager",
        "laio": "laio",
        "mods": "mods",
        "nix-darwin": "nix-darwin",
        "nixpkgs": "nixpkgs_3",
        "nixpkgs-unstable": "nixpkgs-unstable",
        "sops-nix": "sops-nix"
      }
    },
    "rust-analyzer-src": {
      "flake": false,
      "locked": {
        "lastModified": 1752262373,
        "narHash": "sha256-eRDeo/hVnf958ESWy8qV/jZj4ZRbFXsmMdw1cnI57dE=",
        "owner": "rust-lang",
        "repo": "rust-analyzer",
        "rev": "a489123e806ceadfdc5568bf9609b0468f5a2e6a",
        "type": "github"
      },
      "original": {
        "owner": "rust-lang",
        "ref": "nightly",
        "repo": "rust-analyzer",
        "type": "github"
      }
    },
    "sops-nix": {
      "inputs": {
        "nixpkgs": [
          "nixpkgs"
        ]
      },
      "locked": {
        "lastModified": 1752544651,
        "narHash": "sha256-GllP7cmQu7zLZTs9z0J2gIL42IZHa9CBEXwBY9szT0U=",
        "owner": "Mic92",
        "repo": "sops-nix",
        "rev": "2c8def626f54708a9c38a5861866660395bb3461",
        "type": "github"
      },
      "original": {
        "owner": "Mic92",
        "repo": "sops-nix",
        "type": "github"
      }
    },
    "systems": {
      "locked": {
        "lastModified": 1681028828,
        "narHash": "sha256-Vy1rq5AaRuLzOxct8nz4T6wlgyUR7zLU309k9mBC768=",
        "owner": "nix-systems",
        "repo": "default",
        "rev": "da67096a3b9bf56a91d16901293e51ba5b49a27e",
        "type": "github"
      },
      "original": {
        "owner": "nix-systems",
        "repo": "default",
        "type": "github"
      }
    },
    "systems_2": {
      "locked": {
        "lastModified": 1681028828,
        "narHash": "sha256-Vy1rq5AaRuLzOxct8nz4T6wlgyUR7zLU309k9mBC768=",
        "owner": "nix-systems",
        "repo": "default",
        "rev": "da67096a3b9bf56a91d16901293e51ba5b49a27e",
        "type": "github"
      },
      "original": {
        "owner": "nix-systems",
        "repo": "default",
        "type": "github"
      }
    }
  },
  "root": "root",
  "version": 7
}
