{
  "nodes": {
    "crush": {
      "inputs": {
        "crush-src": "crush-src",
        "flake-utils": "flake-utils",
        "nixpkgs": [
          "nixpkgs"
        ]
      },
      "locked": {
        "dir": "crush",
        "lastModified": 1755255725,
        "narHash": "sha256-jQJMlvfQDCYiRfNkpvvqwTD9Y7FTiSUdS4zmPeH8JuY=",
        "owner": "ck3mp3r",
        "repo": "flakes",
        "rev": "d6de9c59d51caafd67a95ed0ea64eafe9e646563",
        "type": "github"
      },
      "original": {
        "dir": "crush",
        "owner": "ck3mp3r",
        "repo": "flakes",
        "type": "github"
      }
    },
    "crush-src": {
      "flake": false,
      "locked": {
        "lastModified": 1753976417,
        "narHash": "sha256-ZcLT6DzOn2WcAJS4bhMR5vXgvvUiIrcajGPlipG1GJs=",
        "owner": "charmbracelet",
        "repo": "crush",
        "rev": "713a7f72a08ce5742a0ce0fad1192ad35dd528c7",
        "type": "github"
      },
      "original": {
        "owner": "charmbracelet",
        "repo": "crush",
        "type": "github"
      }
    },
    "devshell": {
      "inputs": {
        "nixpkgs": "nixpkgs"
      },
      "locked": {
        "lastModified": 1741473158,
        "narHash": "sha256-kWNaq6wQUbUMlPgw8Y+9/9wP0F8SHkjy24/mN3UAppg=",
        "owner": "numtide",
        "repo": "devshell",
        "rev": "7c9e793ebe66bcba8292989a68c0419b737a22a0",
        "type": "github"
      },
      "original": {
        "owner": "numtide",
        "repo": "devshell",
        "type": "github"
      }
    },
    "devshell_2": {
      "inputs": {
        "nixpkgs": [
          "nu-mcp",
          "nixpkgs"
        ]
      },
      "locked": {
        "lastModified": 1741473158,
        "narHash": "sha256-kWNaq6wQUbUMlPgw8Y+9/9wP0F8SHkjy24/mN3UAppg=",
        "owner": "numtide",
        "repo": "devshell",
        "rev": "7c9e793ebe66bcba8292989a68c0419b737a22a0",
        "type": "github"
      },
      "original": {
        "owner": "numtide",
        "repo": "devshell",
        "type": "github"
      }
    },
    "fenix": {
      "inputs": {
        "nixpkgs": [
          "laio",
          "nixpkgs"
        ],
        "rust-analyzer-src": "rust-analyzer-src"
      },
      "locked": {
        "lastModified": 1754760742,
        "narHash": "sha256-S3PJcarvDv54CT2JL8e3LyZZ9myBQNBkuSlazQ6qwys=",
        "owner": "nix-community",
        "repo": "fenix",
        "rev": "60e24f4371b1676d4ecf7d0e8325233acc9b40df",
        "type": "github"
      },
      "original": {
        "owner": "nix-community",
        "repo": "fenix",
        "type": "github"
      }
    },
    "fenix_2": {
      "inputs": {
        "nixpkgs": [
          "nu-mcp",
          "nixpkgs"
        ],
        "rust-analyzer-src": "rust-analyzer-src_2"
      },
      "locked": {
        "lastModified": 1755240331,
        "narHash": "sha256-wEtw76+R/TOHEIjYOnxADC91G6s422HGruAngbjzsDw=",
        "owner": "nix-community",
        "repo": "fenix",
        "rev": "3f076d4502001c64877099093318b2dbd8b062a1",
        "type": "github"
      },
      "original": {
        "owner": "nix-community",
        "repo": "fenix",
        "type": "github"
      }
    },
    "flake-utils": {
      "inputs": {
        "systems": "systems"
      },
      "locked": {
        "lastModified": 1731533236,
        "narHash": "sha256-l0KFg5HjrsfsO/JpG+r7fRrqm12kzFHyUHqHCVpMMbI=",
        "owner": "numtide",
        "repo": "flake-utils",
        "rev": "11707dc2f618dd54ca8739b309ec4fc024de578b",
        "type": "github"
      },
      "original": {
        "owner": "numtide",
        "repo": "flake-utils",
        "type": "github"
      }
    },
    "flake-utils_2": {
      "inputs": {
        "systems": "systems_2"
      },
      "locked": {
        "lastModified": 1731533236,
        "narHash": "sha256-l0KFg5HjrsfsO/JpG+r7fRrqm12kzFHyUHqHCVpMMbI=",
        "owner": "numtide",
        "repo": "flake-utils",
        "rev": "11707dc2f618dd54ca8739b309ec4fc024de578b",
        "type": "github"
      },
      "original": {
        "owner": "numtide",
        "repo": "flake-utils",
        "type": "github"
      }
    },
    "flake-utils_3": {
      "inputs": {
        "systems": "systems_3"
      },
      "locked": {
        "lastModified": 1731533236,
        "narHash": "sha256-l0KFg5HjrsfsO/JpG+r7fRrqm12kzFHyUHqHCVpMMbI=",
        "owner": "numtide",
        "repo": "flake-utils",
        "rev": "11707dc2f618dd54ca8739b309ec4fc024de578b",
        "type": "github"
      },
      "original": {
        "owner": "numtide",
        "repo": "flake-utils",
        "type": "github"
      }
    },
    "flake-utils_4": {
      "inputs": {
        "systems": "systems_4"
      },
      "locked": {
        "lastModified": 1731533236,
        "narHash": "sha256-l0KFg5HjrsfsO/JpG+r7fRrqm12kzFHyUHqHCVpMMbI=",
        "owner": "numtide",
        "repo": "flake-utils",
        "rev": "11707dc2f618dd54ca8739b309ec4fc024de578b",
        "type": "github"
      },
      "original": {
        "owner": "numtide",
        "repo": "flake-utils",
        "type": "github"
      }
    },
    "flake-utils_5": {
      "inputs": {
        "systems": "systems_5"
      },
      "locked": {
        "lastModified": 1731533236,
        "narHash": "sha256-l0KFg5HjrsfsO/JpG+r7fRrqm12kzFHyUHqHCVpMMbI=",
        "owner": "numtide",
        "repo": "flake-utils",
        "rev": "11707dc2f618dd54ca8739b309ec4fc024de578b",
        "type": "github"
      },
      "original": {
        "owner": "numtide",
        "repo": "flake-utils",
        "type": "github"
      }
    },
    "home-manager": {
      "inputs": {
        "nixpkgs": [
          "nixpkgs"
        ]
      },
      "locked": {
        "lastModified": 1753592768,
        "narHash": "sha256-oV695RvbAE4+R9pcsT9shmp6zE/+IZe6evHWX63f2Qg=",
        "owner": "nix-community",
        "repo": "home-manager",
        "rev": "fc3add429f21450359369af74c2375cb34a2d204",
        "type": "github"
      },
      "original": {
        "owner": "nix-community",
        "ref": "release-25.05",
        "repo": "home-manager",
        "type": "github"
      }
    },
    "laio": {
      "inputs": {
        "devshell": "devshell",
        "fenix": "fenix",
        "flake-utils": "flake-utils_2",
        "nixpkgs": [
          "nixpkgs"
        ]
      },
      "locked": {
        "lastModified": 1755350457,
        "narHash": "sha256-uEfcHy5eSqMbsgOT+eceSauwoadw20ghr9iiJ1IwrnU=",
        "owner": "ck3mp3r",
        "repo": "laio-cli",
        "rev": "4e6c8d56c5bc7078bea5bc6ff2b71f7aea905ebb",
        "type": "github"
      },
      "original": {
        "owner": "ck3mp3r",
        "repo": "laio-cli",
        "type": "github"
      }
    },
    "mods": {
      "inputs": {
        "flake-utils": "flake-utils_3",
        "mods-src": "mods-src",
        "nixpkgs": [
          "nixpkgs"
        ]
      },
      "locked": {
        "dir": "mods",
        "lastModified": 1755255725,
        "narHash": "sha256-jQJMlvfQDCYiRfNkpvvqwTD9Y7FTiSUdS4zmPeH8JuY=",
        "owner": "ck3mp3r",
        "repo": "flakes",
        "rev": "d6de9c59d51caafd67a95ed0ea64eafe9e646563",
        "type": "github"
      },
      "original": {
        "dir": "mods",
        "owner": "ck3mp3r",
        "repo": "flakes",
        "type": "github"
      }
    },
    "mods-src": {
      "flake": false,
      "locked": {
        "lastModified": 1750075469,
        "narHash": "sha256-dCNVDf05wRvs84eVChMGtRtg5fOWhiz1I/L8F/9Rw/Q=",
        "owner": "charmbracelet",
        "repo": "mods",
        "rev": "de347f6c78361985317b1232816735193a31ba3e",
        "type": "github"
      },
      "original": {
        "owner": "charmbracelet",
        "repo": "mods",
        "type": "github"
      }
    },
    "nix-darwin": {
      "inputs": {
        "nixpkgs": [
          "nixpkgs"
        ]
      },
      "locked": {
        "lastModified": 1749744770,
        "narHash": "sha256-MEM9XXHgBF/Cyv1RES1t6gqAX7/tvayBC1r/KPyK1ls=",
        "owner": "lnl7",
        "repo": "nix-darwin",
        "rev": "536f951efb1ccda9b968e3c9dee39fbeb6d3fdeb",
        "type": "github"
      },
      "original": {
        "owner": "lnl7",
        "ref": "nix-darwin-25.05",
        "repo": "nix-darwin",
        "type": "github"
      }
    },
    "nixpkgs": {
      "locked": {
        "lastModified": 1722073938,
        "narHash": "sha256-OpX0StkL8vpXyWOGUD6G+MA26wAXK6SpT94kLJXo6B4=",
        "owner": "NixOS",
        "repo": "nixpkgs",
        "rev": "e36e9f57337d0ff0cf77aceb58af4c805472bfae",
        "type": "github"
      },
      "original": {
        "owner": "NixOS",
        "ref": "nixpkgs-unstable",
        "repo": "nixpkgs",
        "type": "github"
      }
    },
    "nixpkgs-unstable": {
      "locked": {
        "lastModified": 1755268003,
        "narHash": "sha256-nNaeJjo861wFR0tjHDyCnHs1rbRtrMgxAKMoig9Sj/w=",
        "owner": "nixos",
        "repo": "nixpkgs",
        "rev": "32f313e49e42f715491e1ea7b306a87c16fe0388",
        "type": "github"
      },
      "original": {
        "owner": "nixos",
        "ref": "nixpkgs-unstable",
        "repo": "nixpkgs",
        "type": "github"
      }
    },
    "nixpkgs_2": {
      "locked": {
        "lastModified": 1755390894,
        "narHash": "sha256-EhQt25BpE5ykyWEIABX66CYfU6bQZJ+pko+cBdDnJlo=",
        "owner": "nixos",
        "repo": "nixpkgs",
        "rev": "94c847a9f32b7abe9fb6a525de46ce592e7d4c73",
        "type": "github"
      },
      "original": {
        "owner": "nixos",
        "ref": "release-25.05",
        "repo": "nixpkgs",
        "type": "github"
      }
    },
    "nu-mcp": {
      "inputs": {
        "devshell": "devshell_2",
        "fenix": "fenix_2",
        "flake-utils": "flake-utils_4",
        "nixpkgs": [
          "nixpkgs"
        ],
        "rustix": "rustix"
      },
      "locked": {
        "lastModified": 1755256948,
        "narHash": "sha256-YWBzVpL23JmLDAgyg1MfyZAG2CntMSXKMoE+Ls+2s0Q=",
        "owner": "ck3mp3r",
        "repo": "nu-mcp",
        "rev": "8ebec5a01f1e3b2231abc627c0a6fa6387b52506",
        "type": "github"
      },
      "original": {
        "owner": "ck3mp3r",
        "repo": "nu-mcp",
        "type": "github"
      }
    },
    "root": {
      "inputs": {
        "crush": "crush",
        "home-manager": "home-manager",
        "laio": "laio",
        "mods": "mods",
        "nix-darwin": "nix-darwin",
        "nixpkgs": "nixpkgs_2",
        "nixpkgs-unstable": "nixpkgs-unstable",
        "nu-mcp": "nu-mcp",
        "sops-nix": "sops-nix"
      }
    },
    "rust-analyzer-src": {
      "flake": false,
      "locked": {
        "lastModified": 1754573113,
        "narHash": "sha256-rGSOEooq0u38dzvn677G14DGm3ue9UDQ9c1E4qyfcuU=",
        "owner": "rust-lang",
        "repo": "rust-analyzer",
        "rev": "caef0f46fd97175e6c1894189689c098c4cb536f",
        "type": "github"
      },
      "original": {
        "owner": "rust-lang",
        "ref": "nightly",
        "repo": "rust-analyzer",
        "type": "github"
      }
    },
    "rust-analyzer-src_2": {
      "flake": false,
      "locked": {
        "lastModified": 1755004716,
        "narHash": "sha256-TbhPR5Fqw5LjAeI3/FOPhNNFQCF3cieKCJWWupeZmiA=",
        "owner": "rust-lang",
        "repo": "rust-analyzer",
        "rev": "b2a58b8c6eff3c3a2c8b5c70dbf69ead78284194",
        "type": "github"
      },
      "original": {
        "owner": "rust-lang",
        "ref": "nightly",
        "repo": "rust-analyzer",
        "type": "github"
      }
    },
    "rustix": {
      "inputs": {
        "flake-utils": "flake-utils_5",
        "nixpkgs": [
          "nu-mcp",
          "nixpkgs"
        ]
      },
      "locked": {
        "dir": "rustix",
        "lastModified": 1755255725,
        "narHash": "sha256-jQJMlvfQDCYiRfNkpvvqwTD9Y7FTiSUdS4zmPeH8JuY=",
        "owner": "ck3mp3r",
        "repo": "flakes",
        "rev": "d6de9c59d51caafd67a95ed0ea64eafe9e646563",
        "type": "github"
      },
      "original": {
        "dir": "rustix",
        "owner": "ck3mp3r",
        "repo": "flakes",
        "type": "github"
      }
    },
    "sops-nix": {
      "inputs": {
        "nixpkgs": [
          "nixpkgs"
        ]
      },
      "locked": {
        "lastModified": 1754988908,
        "narHash": "sha256-t+voe2961vCgrzPFtZxha0/kmFSHFobzF00sT8p9h0U=",
        "owner": "Mic92",
        "repo": "sops-nix",
        "rev": "3223c7a92724b5d804e9988c6b447a0d09017d48",
        "type": "github"
      },
      "original": {
        "owner": "Mic92",
        "repo": "sops-nix",
        "type": "github"
      }
    },
    "systems": {
      "locked": {
        "lastModified": 1681028828,
        "narHash": "sha256-Vy1rq5AaRuLzOxct8nz4T6wlgyUR7zLU309k9mBC768=",
        "owner": "nix-systems",
        "repo": "default",
        "rev": "da67096a3b9bf56a91d16901293e51ba5b49a27e",
        "type": "github"
      },
      "original": {
        "owner": "nix-systems",
        "repo": "default",
        "type": "github"
      }
    },
    "systems_2": {
      "locked": {
        "lastModified": 1681028828,
        "narHash": "sha256-Vy1rq5AaRuLzOxct8nz4T6wlgyUR7zLU309k9mBC768=",
        "owner": "nix-systems",
        "repo": "default",
        "rev": "da67096a3b9bf56a91d16901293e51ba5b49a27e",
        "type": "github"
      },
      "original": {
        "owner": "nix-systems",
        "repo": "default",
        "type": "github"
      }
    },
    "systems_3": {
      "locked": {
        "lastModified": 1681028828,
        "narHash": "sha256-Vy1rq5AaRuLzOxct8nz4T6wlgyUR7zLU309k9mBC768=",
        "owner": "nix-systems",
        "repo": "default",
        "rev": "da67096a3b9bf56a91d16901293e51ba5b49a27e",
        "type": "github"
      },
      "original": {
        "owner": "nix-systems",
        "repo": "default",
        "type": "github"
      }
    },
    "systems_4": {
      "locked": {
        "lastModified": 1681028828,
        "narHash": "sha256-Vy1rq5AaRuLzOxct8nz4T6wlgyUR7zLU309k9mBC768=",
        "owner": "nix-systems",
        "repo": "default",
        "rev": "da67096a3b9bf56a91d16901293e51ba5b49a27e",
        "type": "github"
      },
      "original": {
        "owner": "nix-systems",
        "repo": "default",
        "type": "github"
      }
    },
    "systems_5": {
      "locked": {
        "lastModified": 1681028828,
        "narHash": "sha256-Vy1rq5AaRuLzOxct8nz4T6wlgyUR7zLU309k9mBC768=",
        "owner": "nix-systems",
        "repo": "default",
        "rev": "da67096a3b9bf56a91d16901293e51ba5b49a27e",
        "type": "github"
      },
      "original": {
        "owner": "nix-systems",
        "repo": "default",
        "type": "github"
      }
    }
  },
  "root": "root",
  "version": 7
}
